
Microsoft Visual Studio Solution File, Format Version 12.00
# Visual Studio Version 17
VisualStudioVersion = 17.3.32825.248
MinimumVisualStudioVersion = 10.0.40219.1
Project("{2150E333-8FDC-42A3-9474-1A3956D46DE8}") = "App", "App", "{7C76BCB2-7B5D-43DE-9525-5340F2962A51}"
EndProject
Project("{9A19103F-16F7-4668-BE54-9A1E7A4F7556}") = "Net62209Practice.App.Wpf", "App\Net62209Practice.App.Wpf\Net62209Practice.App.Wpf.csproj", "{723662BF-464F-481E-868F-3AA72C83890F}"
EndProject
Project("{2150E333-8FDC-42A3-9474-1A3956D46DE8}") = "BL", "BL", "{F1353793-3977-48A3-B45A-BE8DD6252AEE}"
EndProject
Project("{2150E333-8FDC-42A3-9474-1A3956D46DE8}") = "Core", "Core", "{B9F64335-593A-4827-B080-9298FFDFD402}"
EndProject
Project("{2150E333-8FDC-42A3-9474-1A3956D46DE8}") = "Data", "Data", "{EE4419A9-07B3-4C35-8BE7-7782C3602A21}"
EndProject
Project("{2150E333-8FDC-42A3-9474-1A3956D46DE8}") = "Tests", "Tests", "{63FB4A32-6590-41F7-A610-86A29983B650}"
EndProject
Project("{9A19103F-16F7-4668-BE54-9A1E7A4F7556}") = "TestProjectExample", "TestProjectExample\TestProjectExample.csproj", "{CEF2649C-355F-4F74-90E7-BFFBEE74D0AD}"
EndProject
Project("{9A19103F-16F7-4668-BE54-9A1E7A4F7556}") = "Net62209Practice.BL.Bootstrapping", "Net62209Practice.BL.Bootstraping\Net62209Practice.BL.Bootstrapping.csproj", "{8955F4F1-BF4E-4D41-B017-261D773419F4}"
EndProject
Project("{FAE04EC0-301F-11D3-BF4B-00C04F79EFBC}") = "Net62209Practice.BL.Bootstrapping.Tests", "Net62209Practice.BL.Bootstrapping.Tests\Net62209Practice.BL.Bootstrapping.Tests.csproj", "{C300C2A7-EFB8-4206-A754-FC8FCCA1322A}"
EndProject
Global
	GlobalSection(SolutionConfigurationPlatforms) = preSolution
		Debug|Any CPU = Debug|Any CPU
		Release|Any CPU = Release|Any CPU
	EndGlobalSection
	GlobalSection(ProjectConfigurationPlatforms) = postSolution
		{723662BF-464F-481E-868F-3AA72C83890F}.Debug|Any CPU.ActiveCfg = Debug|Any CPU
		{723662BF-464F-481E-868F-3AA72C83890F}.Debug|Any CPU.Build.0 = Debug|Any CPU
		{723662BF-464F-481E-868F-3AA72C83890F}.Release|Any CPU.ActiveCfg = Release|Any CPU
		{723662BF-464F-481E-868F-3AA72C83890F}.Release|Any CPU.Build.0 = Release|Any CPU
		{CEF2649C-355F-4F74-90E7-BFFBEE74D0AD}.Debug|Any CPU.ActiveCfg = Debug|Any CPU
		{CEF2649C-355F-4F74-90E7-BFFBEE74D0AD}.Debug|Any CPU.Build.0 = Debug|Any CPU
		{CEF2649C-355F-4F74-90E7-BFFBEE74D0AD}.Release|Any CPU.ActiveCfg = Release|Any CPU
		{CEF2649C-355F-4F74-90E7-BFFBEE74D0AD}.Release|Any CPU.Build.0 = Release|Any CPU
		{8955F4F1-BF4E-4D41-B017-261D773419F4}.Debug|Any CPU.ActiveCfg = Debug|Any CPU
		{8955F4F1-BF4E-4D41-B017-261D773419F4}.Debug|Any CPU.Build.0 = Debug|Any CPU
		{8955F4F1-BF4E-4D41-B017-261D773419F4}.Release|Any CPU.ActiveCfg = Release|Any CPU
		{8955F4F1-BF4E-4D41-B017-261D773419F4}.Release|Any CPU.Build.0 = Release|Any CPU
		{C300C2A7-EFB8-4206-A754-FC8FCCA1322A}.Debug|Any CPU.ActiveCfg = Debug|Any CPU
		{C300C2A7-EFB8-4206-A754-FC8FCCA1322A}.Debug|Any CPU.Build.0 = Debug|Any CPU
		{C300C2A7-EFB8-4206-A754-FC8FCCA1322A}.Release|Any CPU.ActiveCfg = Release|Any CPU
		{C300C2A7-EFB8-4206-A754-FC8FCCA1322A}.Release|Any CPU.Build.0 = Release|Any CPU
	EndGlobalSection
	GlobalSection(SolutionProperties) = preSolution
		HideSolutionNode = FALSE
	EndGlobalSection
	GlobalSection(NestedProjects) = preSolution
		{723662BF-464F-481E-868F-3AA72C83890F} = {7C76BCB2-7B5D-43DE-9525-5340F2962A51}
		{CEF2649C-355F-4F74-90E7-BFFBEE74D0AD} = {63FB4A32-6590-41F7-A610-86A29983B650}
		{8955F4F1-BF4E-4D41-B017-261D773419F4} = {F1353793-3977-48A3-B45A-BE8DD6252AEE}
		{C300C2A7-EFB8-4206-A754-FC8FCCA1322A} = {63FB4A32-6590-41F7-A610-86A29983B650}
	EndGlobalSection
	GlobalSection(ExtensibilityGlobals) = postSolution
		SolutionGuid = {634E1C6D-AE42-4755-A2FC-5A12A775FAF1}
	EndGlobalSection
EndGlobal
